{
  "originHash" : "d48e58ff2c7bc2f2e78c373a146956b3660a44f4a007500007745cb29998ef37",
  "pins" : [
    {
      "identity" : "kingfisher",
      "kind" : "remoteSourceControl",
      "location" : "https://github.com/onevcat/Kingfisher.git",
      "state" : {
        "revision" : "5b92f029fab2cce44386d28588098b5be0824ef5",
        "version" : "7.11.0"
      }
    },
    {
      "identity" : "pokemonapi",
      "kind" : "remoteSourceControl",
      "location" : "https://github.com/cerezo074/PokemonAPI",
      "state" : {
        "branch" : "main",
        "revision" : "a5bd7587c29aa371382277e24737d162ae6a84f0"
      }
    }
  ],
  "version" : 3
}
